
Microsoft Visual Studio Solution File, Format Version 12.00
# Visual Studio Version 17
VisualStudioVersion = 17.2.32630.192
MinimumVisualStudioVersion = 10.0.40219.1
Project("{9A19103F-16F7-4668-BE54-9A1E7A4F7556}") = "JwtIdentityServer", "JwtIdentityServer\JwtIdentityServer.csproj", "{DB621AF2-8AEF-48C9-8DEE-B75636A5888C}"
EndProject
Project("{9A19103F-16F7-4668-BE54-9A1E7A4F7556}") = "GenericRepository", "GenericRepository\GenericRepository\GenericRepository.csproj", "{D4350E1A-6834-4C29-A485-E4C809891518}"
EndProject
Project("{9A19103F-16F7-4668-BE54-9A1E7A4F7556}") = "DAL", "DAL\DAL.csproj", "{6EFFE52D-1ABF-4041-ABE0-B55D7642A044}"
EndProject
Project("{2150E333-8FDC-42A3-9474-1A3956D46DE8}") = "Solution Items", "Solution Items", "{93D49B86-3B51-406A-91B2-7AD1A5E51011}"
	ProjectSection(SolutionItems) = preProject
		.editorconfig = .editorconfig
	EndProjectSection
EndProject
Project("{FAE04EC0-301F-11D3-BF4B-00C04F79EFBC}") = "TestsUnit", "TestsUnit\TestsUnit.csproj", "{92ADAFD2-7071-49A1-955E-5FEFBD0A4447}"
EndProject
Global
	GlobalSection(SolutionConfigurationPlatforms) = preSolution
		Debug|Any CPU = Debug|Any CPU
		Release|Any CPU = Release|Any CPU
	EndGlobalSection
	GlobalSection(ProjectConfigurationPlatforms) = postSolution
		{DB621AF2-8AEF-48C9-8DEE-B75636A5888C}.Debug|Any CPU.ActiveCfg = Debug|Any CPU
		{DB621AF2-8AEF-48C9-8DEE-B75636A5888C}.Debug|Any CPU.Build.0 = Debug|Any CPU
		{DB621AF2-8AEF-48C9-8DEE-B75636A5888C}.Release|Any CPU.ActiveCfg = Release|Any CPU
		{DB621AF2-8AEF-48C9-8DEE-B75636A5888C}.Release|Any CPU.Build.0 = Release|Any CPU
		{D4350E1A-6834-4C29-A485-E4C809891518}.Debug|Any CPU.ActiveCfg = Debug|Any CPU
		{D4350E1A-6834-4C29-A485-E4C809891518}.Debug|Any CPU.Build.0 = Debug|Any CPU
		{D4350E1A-6834-4C29-A485-E4C809891518}.Release|Any CPU.ActiveCfg = Release|Any CPU
		{D4350E1A-6834-4C29-A485-E4C809891518}.Release|Any CPU.Build.0 = Release|Any CPU
		{6EFFE52D-1ABF-4041-ABE0-B55D7642A044}.Debug|Any CPU.ActiveCfg = Debug|Any CPU
		{6EFFE52D-1ABF-4041-ABE0-B55D7642A044}.Debug|Any CPU.Build.0 = Debug|Any CPU
		{6EFFE52D-1ABF-4041-ABE0-B55D7642A044}.Release|Any CPU.ActiveCfg = Release|Any CPU
		{6EFFE52D-1ABF-4041-ABE0-B55D7642A044}.Release|Any CPU.Build.0 = Release|Any CPU
		{92ADAFD2-7071-49A1-955E-5FEFBD0A4447}.Debug|Any CPU.ActiveCfg = Debug|Any CPU
		{92ADAFD2-7071-49A1-955E-5FEFBD0A4447}.Debug|Any CPU.Build.0 = Debug|Any CPU
		{92ADAFD2-7071-49A1-955E-5FEFBD0A4447}.Release|Any CPU.ActiveCfg = Release|Any CPU
		{92ADAFD2-7071-49A1-955E-5FEFBD0A4447}.Release|Any CPU.Build.0 = Release|Any CPU
	EndGlobalSection
	GlobalSection(SolutionProperties) = preSolution
		HideSolutionNode = FALSE
	EndGlobalSection
	GlobalSection(ExtensibilityGlobals) = postSolution
		SolutionGuid = {EDD448CB-8794-4F25-AE70-EEFF05F55F54}
	EndGlobalSection
EndGlobal
